# DO NOT EDIT MANUALLY - Managed by Fern Replay
version: "1.0"
generations:
  - commit_sha: 54e07d7552e1ddf0b614fbcf85397110c54fa029
    tree_hash: 689fc5fc9455f94cef964de3cb0eca2c33a8d939
    timestamp: 2026-07-31T02:14:34.452Z
    cli_version: unknown
    generator_versions: {}
current_generation: 54e07d7552e1ddf0b614fbcf85397110c54fa029
patches: []
